Microsoft Visual Studio Solution File, Format Version 11.00
# Visual Studio 2008

Project("{2F14F48D-1447-C7B3-D91E-3676772767CE}") = "starbunnies", "Assembly-CSharp.csproj", "{123AF2BD-8EB8-9E90-A506-272AB7CB02D5}"
EndProject
Global
	GlobalSection(SolutionConfigurationPlatforms) = preSolution
		Debug|Any CPU = Debug|Any CPU
		Release|Any CPU = Release|Any CPU
	EndGlobalSection
	GlobalSection(ProjectConfigurationPlatforms) = postSolution
		{123AF2BD-8EB8-9E90-A506-272AB7CB02D5}.Debug|Any CPU.ActiveCfg = Debug|Any CPU
		{123AF2BD-8EB8-9E90-A506-272AB7CB02D5}.Debug|Any CPU.Build.0 = Debug|Any CPU
		{123AF2BD-8EB8-9E90-A506-272AB7CB02D5}.Release|Any CPU.ActiveCfg = Release|Any CPU
		{123AF2BD-8EB8-9E90-A506-272AB7CB02D5}.Release|Any CPU.Build.0 = Release|Any CPU
	EndGlobalSection
	GlobalSection(SolutionProperties) = preSolution
		HideSolutionNode = FALSE
	EndGlobalSection
	GlobalSection(MonoDevelopProperties) = preSolution
		StartupItem = Assembly-CSharp.csproj
	EndGlobalSection
EndGlobal
